
Microsoft Visual Studio Solution File, Format Version 12.00
# Visual Studio 14
VisualStudioVersion = 14.0.24720.0
MinimumVisualStudioVersion = 10.0.40219.1
Project("{FAE04EC0-301F-11D3-BF4B-00C04F79EFBC}") = "JFA.AdventureWorks.Web", "JFA.AdventureWorks.Web\JFA.AdventureWorks.Web.csproj", "{3866C3EA-D585-4CB5-86B2-FC2FF703B26E}"
EndProject
Project("{FAE04EC0-301F-11D3-BF4B-00C04F79EFBC}") = "JFA.AdventureWorks.Entities", "JFA.AdventureWorks.Entities\JFA.AdventureWorks.Entities.csproj", "{60594456-195A-4A8A-A23E-1D7A65FBE96B}"
EndProject
Global
	GlobalSection(SolutionConfigurationPlatforms) = preSolution
		Debug|Any CPU = Debug|Any CPU
		Release|Any CPU = Release|Any CPU
	EndGlobalSection
	GlobalSection(ProjectConfigurationPlatforms) = postSolution
		{3866C3EA-D585-4CB5-86B2-FC2FF703B26E}.Debug|Any CPU.ActiveCfg = Debug|Any CPU
		{3866C3EA-D585-4CB5-86B2-FC2FF703B26E}.Debug|Any CPU.Build.0 = Debug|Any CPU
		{3866C3EA-D585-4CB5-86B2-FC2FF703B26E}.Release|Any CPU.ActiveCfg = Release|Any CPU
		{3866C3EA-D585-4CB5-86B2-FC2FF703B26E}.Release|Any CPU.Build.0 = Release|Any CPU
		{60594456-195A-4A8A-A23E-1D7A65FBE96B}.Debug|Any CPU.ActiveCfg = Debug|Any CPU
		{60594456-195A-4A8A-A23E-1D7A65FBE96B}.Debug|Any CPU.Build.0 = Debug|Any CPU
		{60594456-195A-4A8A-A23E-1D7A65FBE96B}.Release|Any CPU.ActiveCfg = Release|Any CPU
		{60594456-195A-4A8A-A23E-1D7A65FBE96B}.Release|Any CPU.Build.0 = Release|Any CPU
	EndGlobalSection
	GlobalSection(SolutionProperties) = preSolution
		HideSolutionNode = FALSE
	EndGlobalSection
EndGlobal
